
Microsoft Visual Studio Solution File, Format Version 12.00
# Visual Studio Version 16
VisualStudioVersion = 16.0.29806.167
MinimumVisualStudioVersion = 10.0.40219.1
Project("{2150E333-8FDC-42A3-9474-1A3956D46DE8}") = "Solution Items", "Solution Items", "{332F7800-1B7B-4F03-8C66-73CD15A14D70}"
	ProjectSection(SolutionItems) = preProject
		.gitignore = .gitignore
		User Service\deployment.yaml = User Service\deployment.yaml
		infrastructure\generate-azure-environment.ps1 = infrastructure\generate-azure-environment.ps1
	EndProjectSection
EndProject
Project("{9A19103F-16F7-4668-BE54-9A1E7A4F7556}") = "Playlist Service", "Playlist Service\Playlist Service.csproj", "{5939DAD2-6174-4734-BF82-9644E4C2E661}"
EndProject
Project("{9A19103F-16F7-4668-BE54-9A1E7A4F7556}") = "Streaming Service", "Streaming Service\Streaming Service.csproj", "{06E000BE-19B9-49E1-8A98-9946E7A473E5}"
EndProject
Project("{9A19103F-16F7-4668-BE54-9A1E7A4F7556}") = "API Gateway", "API Gateway\API Gateway.csproj", "{106284A6-F7E8-41D8-BE54-F6CDCA6E241D}"
EndProject
Project("{9A19103F-16F7-4668-BE54-9A1E7A4F7556}") = "User Service", "User Service\User Service.csproj", "{F0997861-BACD-4FFF-AD40-74D4C20EAAF2}"
EndProject
Project("{E53339B2-1760-4266-BCC7-CA923CBCF16C}") = "docker-compose", "docker-compose.dcproj", "{DC0AA2E8-E505-4F4B-B126-E932F5F66839}"
EndProject
Project("{9A19103F-16F7-4668-BE54-9A1E7A4F7556}") = "Song Service", "Song Service\Song Service.csproj", "{49BDA1CF-0651-4BE1-B51A-338CC3478F26}"
EndProject
Project("{FAE04EC0-301F-11D3-BF4B-00C04F79EFBC}") = "User Service.Tests", "User Service.Tests\User Service.Tests.csproj", "{A0689B9E-268F-4578-AA1C-93B696FC13D7}"
EndProject
Global
	GlobalSection(SolutionConfigurationPlatforms) = preSolution
		Debug|Any CPU = Debug|Any CPU
		Release|Any CPU = Release|Any CPU
	EndGlobalSection
	GlobalSection(ProjectConfigurationPlatforms) = postSolution
		{5939DAD2-6174-4734-BF82-9644E4C2E661}.Debug|Any CPU.ActiveCfg = Debug|Any CPU
		{5939DAD2-6174-4734-BF82-9644E4C2E661}.Debug|Any CPU.Build.0 = Debug|Any CPU
		{5939DAD2-6174-4734-BF82-9644E4C2E661}.Release|Any CPU.ActiveCfg = Release|Any CPU
		{5939DAD2-6174-4734-BF82-9644E4C2E661}.Release|Any CPU.Build.0 = Release|Any CPU
		{06E000BE-19B9-49E1-8A98-9946E7A473E5}.Debug|Any CPU.ActiveCfg = Debug|Any CPU
		{06E000BE-19B9-49E1-8A98-9946E7A473E5}.Debug|Any CPU.Build.0 = Debug|Any CPU
		{06E000BE-19B9-49E1-8A98-9946E7A473E5}.Release|Any CPU.ActiveCfg = Release|Any CPU
		{06E000BE-19B9-49E1-8A98-9946E7A473E5}.Release|Any CPU.Build.0 = Release|Any CPU
		{106284A6-F7E8-41D8-BE54-F6CDCA6E241D}.Debug|Any CPU.ActiveCfg = Debug|Any CPU
		{106284A6-F7E8-41D8-BE54-F6CDCA6E241D}.Debug|Any CPU.Build.0 = Debug|Any CPU
		{106284A6-F7E8-41D8-BE54-F6CDCA6E241D}.Release|Any CPU.ActiveCfg = Release|Any CPU
		{106284A6-F7E8-41D8-BE54-F6CDCA6E241D}.Release|Any CPU.Build.0 = Release|Any CPU
		{F0997861-BACD-4FFF-AD40-74D4C20EAAF2}.Debug|Any CPU.ActiveCfg = Debug|Any CPU
		{F0997861-BACD-4FFF-AD40-74D4C20EAAF2}.Debug|Any CPU.Build.0 = Debug|Any CPU
		{F0997861-BACD-4FFF-AD40-74D4C20EAAF2}.Release|Any CPU.ActiveCfg = Release|Any CPU
		{F0997861-BACD-4FFF-AD40-74D4C20EAAF2}.Release|Any CPU.Build.0 = Release|Any CPU
		{DC0AA2E8-E505-4F4B-B126-E932F5F66839}.Debug|Any CPU.ActiveCfg = Debug|Any CPU
		{DC0AA2E8-E505-4F4B-B126-E932F5F66839}.Debug|Any CPU.Build.0 = Debug|Any CPU
		{DC0AA2E8-E505-4F4B-B126-E932F5F66839}.Release|Any CPU.ActiveCfg = Release|Any CPU
		{DC0AA2E8-E505-4F4B-B126-E932F5F66839}.Release|Any CPU.Build.0 = Release|Any CPU
		{49BDA1CF-0651-4BE1-B51A-338CC3478F26}.Debug|Any CPU.ActiveCfg = Debug|Any CPU
		{49BDA1CF-0651-4BE1-B51A-338CC3478F26}.Debug|Any CPU.Build.0 = Debug|Any CPU
		{49BDA1CF-0651-4BE1-B51A-338CC3478F26}.Release|Any CPU.ActiveCfg = Release|Any CPU
		{49BDA1CF-0651-4BE1-B51A-338CC3478F26}.Release|Any CPU.Build.0 = Release|Any CPU
		{A0689B9E-268F-4578-AA1C-93B696FC13D7}.Debug|Any CPU.ActiveCfg = Debug|Any CPU
		{A0689B9E-268F-4578-AA1C-93B696FC13D7}.Debug|Any CPU.Build.0 = Debug|Any CPU
		{A0689B9E-268F-4578-AA1C-93B696FC13D7}.Release|Any CPU.ActiveCfg = Release|Any CPU
		{A0689B9E-268F-4578-AA1C-93B696FC13D7}.Release|Any CPU.Build.0 = Release|Any CPU
	EndGlobalSection
	GlobalSection(SolutionProperties) = preSolution
		HideSolutionNode = FALSE
	EndGlobalSection
	GlobalSection(ExtensibilityGlobals) = postSolution
		SolutionGuid = {C63B0599-9101-4307-BDC7-B3FF1E7AADE1}
	EndGlobalSection
EndGlobal
