
Microsoft Visual Studio Solution File, Format Version 12.00
# Visual Studio Version 16
VisualStudioVersion = 16.0.29806.167
MinimumVisualStudioVersion = 10.0.40219.1
Project("{9A19103F-16F7-4668-BE54-9A1E7A4F7556}") = "API Gateway", "API Gateway\API Gateway.csproj", "{22629FD6-9C13-4396-8893-66ABA5B06F7C}"
EndProject
Project("{9A19103F-16F7-4668-BE54-9A1E7A4F7556}") = "Auth Service", "Auth Service\Auth Service.csproj", "{8B84738B-618A-4564-8553-DFC95438887D}"
EndProject
Project("{9A19103F-16F7-4668-BE54-9A1E7A4F7556}") = "Storage Service", "Storage Service\Storage Service.csproj", "{B1917CB1-F71B-4622-B6A1-815A47EC5E0D}"
EndProject
Project("{9A19103F-16F7-4668-BE54-9A1E7A4F7556}") = "Core", "Core\Core.csproj", "{4D517DEC-21DF-483F-A867-45E56E8130F5}"
EndProject
Project("{2150E333-8FDC-42A3-9474-1A3956D46DE8}") = "Solution Items", "Solution Items", "{332F7800-1B7B-4F03-8C66-73CD15A14D70}"
	ProjectSection(SolutionItems) = preProject
		.gitignore = .gitignore
	EndProjectSection
EndProject
Global
	GlobalSection(SolutionConfigurationPlatforms) = preSolution
		Debug|Any CPU = Debug|Any CPU
		Release|Any CPU = Release|Any CPU
	EndGlobalSection
	GlobalSection(ProjectConfigurationPlatforms) = postSolution
		{22629FD6-9C13-4396-8893-66ABA5B06F7C}.Debug|Any CPU.ActiveCfg = Debug|Any CPU
		{22629FD6-9C13-4396-8893-66ABA5B06F7C}.Debug|Any CPU.Build.0 = Debug|Any CPU
		{22629FD6-9C13-4396-8893-66ABA5B06F7C}.Release|Any CPU.ActiveCfg = Release|Any CPU
		{22629FD6-9C13-4396-8893-66ABA5B06F7C}.Release|Any CPU.Build.0 = Release|Any CPU
		{8B84738B-618A-4564-8553-DFC95438887D}.Debug|Any CPU.ActiveCfg = Debug|Any CPU
		{8B84738B-618A-4564-8553-DFC95438887D}.Debug|Any CPU.Build.0 = Debug|Any CPU
		{8B84738B-618A-4564-8553-DFC95438887D}.Release|Any CPU.ActiveCfg = Release|Any CPU
		{8B84738B-618A-4564-8553-DFC95438887D}.Release|Any CPU.Build.0 = Release|Any CPU
		{B1917CB1-F71B-4622-B6A1-815A47EC5E0D}.Debug|Any CPU.ActiveCfg = Debug|Any CPU
		{B1917CB1-F71B-4622-B6A1-815A47EC5E0D}.Debug|Any CPU.Build.0 = Debug|Any CPU
		{B1917CB1-F71B-4622-B6A1-815A47EC5E0D}.Release|Any CPU.ActiveCfg = Release|Any CPU
		{B1917CB1-F71B-4622-B6A1-815A47EC5E0D}.Release|Any CPU.Build.0 = Release|Any CPU
		{4D517DEC-21DF-483F-A867-45E56E8130F5}.Debug|Any CPU.ActiveCfg = Debug|Any CPU
		{4D517DEC-21DF-483F-A867-45E56E8130F5}.Debug|Any CPU.Build.0 = Debug|Any CPU
		{4D517DEC-21DF-483F-A867-45E56E8130F5}.Release|Any CPU.ActiveCfg = Release|Any CPU
		{4D517DEC-21DF-483F-A867-45E56E8130F5}.Release|Any CPU.Build.0 = Release|Any CPU
	EndGlobalSection
	GlobalSection(SolutionProperties) = preSolution
		HideSolutionNode = FALSE
	EndGlobalSection
	GlobalSection(ExtensibilityGlobals) = postSolution
		SolutionGuid = {C63B0599-9101-4307-BDC7-B3FF1E7AADE1}
	EndGlobalSection
EndGlobal
